
Microsoft Visual Studio Solution File, Format Version 12.00
# Visual Studio Version 16
VisualStudioVersion = 16.0.31624.102
MinimumVisualStudioVersion = 10.0.40219.1
Project("{FAE04EC0-301F-11D3-BF4B-00C04F79EFBC}") = "operacije_po_modulu", "operacije_po_modulu\operacije_po_modulu.csproj", "{C2070CFB-C22B-4E7A-A679-FE9810C14F7A}"
EndProject
Global
	GlobalSection(SolutionConfigurationPlatforms) = preSolution
		Debug|Any CPU = Debug|Any CPU
		Release|Any CPU = Release|Any CPU
	EndGlobalSection
	GlobalSection(ProjectConfigurationPlatforms) = postSolution
		{C2070CFB-C22B-4E7A-A679-FE9810C14F7A}.Debug|Any CPU.ActiveCfg = Debug|Any CPU
		{C2070CFB-C22B-4E7A-A679-FE9810C14F7A}.Debug|Any CPU.Build.0 = Debug|Any CPU
		{C2070CFB-C22B-4E7A-A679-FE9810C14F7A}.Release|Any CPU.ActiveCfg = Release|Any CPU
		{C2070CFB-C22B-4E7A-A679-FE9810C14F7A}.Release|Any CPU.Build.0 = Release|Any CPU
	EndGlobalSection
	GlobalSection(SolutionProperties) = preSolution
		HideSolutionNode = FALSE
	EndGlobalSection
	GlobalSection(ExtensibilityGlobals) = postSolution
		SolutionGuid = {38DEF30B-865E-49D0-A1D6-8F0F1DB569AE}
	EndGlobalSection
EndGlobal
